
Microsoft Visual Studio Solution File, Format Version 12.00
# Visual Studio 15
VisualStudioVersion = 15.0.26430.16
MinimumVisualStudioVersion = 10.0.40219.1
Project("{FAE04EC0-301F-11D3-BF4B-00C04F79EFBC}") = "03. Practice Chars And Strings", "03. Practice Chars And Strings\03. Practice Chars And Strings.csproj", "{681142E9-BAAD-403F-9C40-24988ADC30FA}"
EndProject
Global
	GlobalSection(SolutionConfigurationPlatforms) = preSolution
		Debug|Any CPU = Debug|Any CPU
		Release|Any CPU = Release|Any CPU
	EndGlobalSection
	GlobalSection(ProjectConfigurationPlatforms) = postSolution
		{681142E9-BAAD-403F-9C40-24988ADC30FA}.Debug|Any CPU.ActiveCfg = Debug|Any CPU
		{681142E9-BAAD-403F-9C40-24988ADC30FA}.Debug|Any CPU.Build.0 = Debug|Any CPU
		{681142E9-BAAD-403F-9C40-24988ADC30FA}.Release|Any CPU.ActiveCfg = Release|Any CPU
		{681142E9-BAAD-403F-9C40-24988ADC30FA}.Release|Any CPU.Build.0 = Release|Any CPU
	EndGlobalSection
	GlobalSection(SolutionProperties) = preSolution
		HideSolutionNode = FALSE
	EndGlobalSection
EndGlobal
