
Microsoft Visual Studio Solution File, Format Version 12.00
# Visual Studio 15
VisualStudioVersion = 15.0.26430.16
MinimumVisualStudioVersion = 10.0.40219.1
Project("{FAE04EC0-301F-11D3-BF4B-00C04F79EFBC}") = "09. Reversed chars", "09. Reversed chars\09. Reversed chars.csproj", "{EA47CC0A-4C3C-4D74-8F46-EE3101E011EC}"
EndProject
Global
	GlobalSection(SolutionConfigurationPlatforms) = preSolution
		Debug|Any CPU = Debug|Any CPU
		Release|Any CPU = Release|Any CPU
	EndGlobalSection
	GlobalSection(ProjectConfigurationPlatforms) = postSolution
		{EA47CC0A-4C3C-4D74-8F46-EE3101E011EC}.Debug|Any CPU.ActiveCfg = Debug|Any CPU
		{EA47CC0A-4C3C-4D74-8F46-EE3101E011EC}.Debug|Any CPU.Build.0 = Debug|Any CPU
		{EA47CC0A-4C3C-4D74-8F46-EE3101E011EC}.Release|Any CPU.ActiveCfg = Release|Any CPU
		{EA47CC0A-4C3C-4D74-8F46-EE3101E011EC}.Release|Any CPU.Build.0 = Release|Any CPU
	EndGlobalSection
	GlobalSection(SolutionProperties) = preSolution
		HideSolutionNode = FALSE
	EndGlobalSection
EndGlobal
