
Microsoft Visual Studio Solution File, Format Version 12.00
# Visual Studio 15
VisualStudioVersion = 15.0.26430.16
MinimumVisualStudioVersion = 10.0.40219.1
Project("{FAE04EC0-301F-11D3-BF4B-00C04F79EFBC}") = "12. Rectangle Properties", "12. Rectangle Properties\12. Rectangle Properties.csproj", "{ACE1079F-917D-47DF-BF90-B0BAD963A905}"
EndProject
Global
	GlobalSection(SolutionConfigurationPlatforms) = preSolution
		Debug|Any CPU = Debug|Any CPU
		Release|Any CPU = Release|Any CPU
	EndGlobalSection
	GlobalSection(ProjectConfigurationPlatforms) = postSolution
		{ACE1079F-917D-47DF-BF90-B0BAD963A905}.Debug|Any CPU.ActiveCfg = Debug|Any CPU
		{ACE1079F-917D-47DF-BF90-B0BAD963A905}.Debug|Any CPU.Build.0 = Debug|Any CPU
		{ACE1079F-917D-47DF-BF90-B0BAD963A905}.Release|Any CPU.ActiveCfg = Release|Any CPU
		{ACE1079F-917D-47DF-BF90-B0BAD963A905}.Release|Any CPU.Build.0 = Release|Any CPU
	EndGlobalSection
	GlobalSection(SolutionProperties) = preSolution
		HideSolutionNode = FALSE
	EndGlobalSection
EndGlobal
