
Microsoft Visual Studio Solution File, Format Version 12.00
# Visual Studio 15
VisualStudioVersion = 15.0.26430.16
MinimumVisualStudioVersion = 10.0.40219.1
Project("{FAE04EC0-301F-11D3-BF4B-00C04F79EFBC}") = "04. Largest 3 Numbers", "04. Largest 3 Numbers\04. Largest 3 Numbers.csproj", "{459918C2-F2AF-46E2-A68A-DD5BAA0AE2E1}"
EndProject
Global
	GlobalSection(SolutionConfigurationPlatforms) = preSolution
		Debug|Any CPU = Debug|Any CPU
		Release|Any CPU = Release|Any CPU
	EndGlobalSection
	GlobalSection(ProjectConfigurationPlatforms) = postSolution
		{459918C2-F2AF-46E2-A68A-DD5BAA0AE2E1}.Debug|Any CPU.ActiveCfg = Debug|Any CPU
		{459918C2-F2AF-46E2-A68A-DD5BAA0AE2E1}.Debug|Any CPU.Build.0 = Debug|Any CPU
		{459918C2-F2AF-46E2-A68A-DD5BAA0AE2E1}.Release|Any CPU.ActiveCfg = Release|Any CPU
		{459918C2-F2AF-46E2-A68A-DD5BAA0AE2E1}.Release|Any CPU.Build.0 = Release|Any CPU
	EndGlobalSection
	GlobalSection(SolutionProperties) = preSolution
		HideSolutionNode = FALSE
	EndGlobalSection
EndGlobal
